
Microsoft Visual Studio Solution File, Format Version 12.00
# Visual Studio 15
VisualStudioVersion = 15.0.27130.2036
MinimumVisualStudioVersion = 10.0.40219.1
Project("{FAE04EC0-301F-11D3-BF4B-00C04F79EFBC}") = "KuduWebApp", "KuduWebApp\KuduWebApp.csproj", "{B0104FB1-CE25-460B-BD49-366AC7C550A4}"
EndProject
Global
	GlobalSection(SolutionConfigurationPlatforms) = preSolution
		Debug|Any CPU = Debug|Any CPU
		Release|Any CPU = Release|Any CPU
	EndGlobalSection
	GlobalSection(ProjectConfigurationPlatforms) = postSolution
		{B0104FB1-CE25-460B-BD49-366AC7C550A4}.Debug|Any CPU.ActiveCfg = Debug|Any CPU
		{B0104FB1-CE25-460B-BD49-366AC7C550A4}.Debug|Any CPU.Build.0 = Debug|Any CPU
		{B0104FB1-CE25-460B-BD49-366AC7C550A4}.Release|Any CPU.ActiveCfg = Release|Any CPU
		{B0104FB1-CE25-460B-BD49-366AC7C550A4}.Release|Any CPU.Build.0 = Release|Any CPU
	EndGlobalSection
	GlobalSection(SolutionProperties) = preSolution
		HideSolutionNode = FALSE
	EndGlobalSection
	GlobalSection(ExtensibilityGlobals) = postSolution
		SolutionGuid = {8A8F8A0F-DD10-422C-BA1F-4B90FF3A6A1B}
	EndGlobalSection
EndGlobal
